
Microsoft Visual Studio Solution File, Format Version 12.00
Project("{FAE04EC0-301F-11D3-BF4B-00C04F79EFBC}") = "ArtifactsPacker", "ArtifactsPacker\ArtifactsPacker.csproj", "{104A9534-1338-43E4-88E0-E5F0DF26F38E}"
EndProject
Project("{FAE04EC0-301F-11D3-BF4B-00C04F79EFBC}") = "ArtifactsPacker.Tests", "ArtifactsPacker.Tests\ArtifactsPacker.Tests.csproj", "{2C9958E0-FF47-490A-AA59-693C2B4CFF56}"
EndProject
Global
	GlobalSection(SolutionConfigurationPlatforms) = preSolution
		Debug|Any CPU = Debug|Any CPU
		Release|Any CPU = Release|Any CPU
	EndGlobalSection
	GlobalSection(ProjectConfigurationPlatforms) = postSolution
		{104A9534-1338-43E4-88E0-E5F0DF26F38E}.Debug|Any CPU.ActiveCfg = Debug|Any CPU
		{104A9534-1338-43E4-88E0-E5F0DF26F38E}.Debug|Any CPU.Build.0 = Debug|Any CPU
		{104A9534-1338-43E4-88E0-E5F0DF26F38E}.Release|Any CPU.ActiveCfg = Release|Any CPU
		{104A9534-1338-43E4-88E0-E5F0DF26F38E}.Release|Any CPU.Build.0 = Release|Any CPU
		{2C9958E0-FF47-490A-AA59-693C2B4CFF56}.Debug|Any CPU.ActiveCfg = Debug|Any CPU
		{2C9958E0-FF47-490A-AA59-693C2B4CFF56}.Debug|Any CPU.Build.0 = Debug|Any CPU
		{2C9958E0-FF47-490A-AA59-693C2B4CFF56}.Release|Any CPU.ActiveCfg = Release|Any CPU
		{2C9958E0-FF47-490A-AA59-693C2B4CFF56}.Release|Any CPU.Build.0 = Release|Any CPU
	EndGlobalSection
EndGlobal
